
Microsoft Visual Studio Solution File, Format Version 12.00
# Visual Studio Version 17
VisualStudioVersion = 17.10.35201.131
MinimumVisualStudioVersion = 10.0.40219.1
Project("{FAE04EC0-301F-11D3-BF4B-00C04F79EFBC}") = "DocManSys-RestAPI", "DocManSys-RestAPI\DocManSys-RestAPI.csproj", "{4B89AF27-1BEB-4FCD-95D9-036E9D175947}"
EndProject
Project("{2150E333-8FDC-42A3-9474-1A3956D46DE8}") = "Solution Items", "Solution Items", "{2B0631D6-A3F3-4C56-953F-569F787FFD81}"
	ProjectSection(SolutionItems) = preProject
		docker-compose.yml = docker-compose.yml
		Dockerfile = Dockerfile
		.dockerignore = .dockerignore
	EndProjectSection
EndProject
Global
	GlobalSection(SolutionConfigurationPlatforms) = preSolution
		Debug|Any CPU = Debug|Any CPU
		Release|Any CPU = Release|Any CPU
	EndGlobalSection
	GlobalSection(ProjectConfigurationPlatforms) = postSolution
		{4B89AF27-1BEB-4FCD-95D9-036E9D175947}.Debug|Any CPU.ActiveCfg = Debug|Any CPU
		{4B89AF27-1BEB-4FCD-95D9-036E9D175947}.Debug|Any CPU.Build.0 = Debug|Any CPU
		{4B89AF27-1BEB-4FCD-95D9-036E9D175947}.Release|Any CPU.ActiveCfg = Release|Any CPU
		{4B89AF27-1BEB-4FCD-95D9-036E9D175947}.Release|Any CPU.Build.0 = Release|Any CPU
	EndGlobalSection
	GlobalSection(SolutionProperties) = preSolution
		HideSolutionNode = FALSE
	EndGlobalSection
	GlobalSection(ExtensibilityGlobals) = postSolution
		SolutionGuid = {3F3E178D-FD7C-4AAF-9485-7ABDB366686A}
	EndGlobalSection
EndGlobal
